
Microsoft Visual Studio Solution File, Format Version 12.00
# Visual Studio Version 16
VisualStudioVersion = 16.0.29509.3
MinimumVisualStudioVersion = 10.0.40219.1
Project("{FAE04EC0-301F-11D3-BF4B-00C04F79EFBC}") = "Grupo_9", "Grupo_9.csproj", "{CBA61107-84A1-4E74-A7FF-C2E9065728B1}"
EndProject
Global
	GlobalSection(SolutionConfigurationPlatforms) = preSolution
		Debug|Any CPU = Debug|Any CPU
		Release|Any CPU = Release|Any CPU
	EndGlobalSection
	GlobalSection(ProjectConfigurationPlatforms) = postSolution
		{CBA61107-84A1-4E74-A7FF-C2E9065728B1}.Debug|Any CPU.ActiveCfg = Debug|Any CPU
		{CBA61107-84A1-4E74-A7FF-C2E9065728B1}.Debug|Any CPU.Build.0 = Debug|Any CPU
		{CBA61107-84A1-4E74-A7FF-C2E9065728B1}.Release|Any CPU.ActiveCfg = Release|Any CPU
		{CBA61107-84A1-4E74-A7FF-C2E9065728B1}.Release|Any CPU.Build.0 = Release|Any CPU
	EndGlobalSection
	GlobalSection(SolutionProperties) = preSolution
		HideSolutionNode = FALSE
	EndGlobalSection
	GlobalSection(ExtensibilityGlobals) = postSolution
		SolutionGuid = {7ACE20A9-D3BE-4071-8143-90E97A245638}
	EndGlobalSection
EndGlobal
