
Microsoft Visual Studio Solution File, Format Version 12.00
# Visual Studio Version 16
VisualStudioVersion = 16.0.29920.165
MinimumVisualStudioVersion = 10.0.40219.1
Project("{FAE04EC0-301F-11D3-BF4B-00C04F79EFBC}") = "Github_Compartido_Grupo_9", "Github_Compartido_Grupo_9.csproj", "{04DCBB2C-B842-4699-8EBD-242EF54419AF}"
EndProject
Global
	GlobalSection(SolutionConfigurationPlatforms) = preSolution
		Debug|Any CPU = Debug|Any CPU
		Release|Any CPU = Release|Any CPU
	EndGlobalSection
	GlobalSection(ProjectConfigurationPlatforms) = postSolution
		{04DCBB2C-B842-4699-8EBD-242EF54419AF}.Debug|Any CPU.ActiveCfg = Debug|Any CPU
		{04DCBB2C-B842-4699-8EBD-242EF54419AF}.Debug|Any CPU.Build.0 = Debug|Any CPU
		{04DCBB2C-B842-4699-8EBD-242EF54419AF}.Release|Any CPU.ActiveCfg = Release|Any CPU
		{04DCBB2C-B842-4699-8EBD-242EF54419AF}.Release|Any CPU.Build.0 = Release|Any CPU
	EndGlobalSection
	GlobalSection(SolutionProperties) = preSolution
		HideSolutionNode = FALSE
	EndGlobalSection
	GlobalSection(ExtensibilityGlobals) = postSolution
		SolutionGuid = {49B29CCE-003A-42AF-9F88-8413FEA8CD0E}
	EndGlobalSection
EndGlobal
